
Microsoft Visual Studio Solution File, Format Version 12.00
# Visual Studio Version 17
VisualStudioVersion = 17.7.34024.191
MinimumVisualStudioVersion = 10.0.40219.1
Project("{FAE04EC0-301F-11D3-BF4B-00C04F79EFBC}") = "varExpressions", "varExpressions.csproj", "{CAB47DFA-D7A6-4F3A-9680-6E400A870493}"
EndProject
Global
	GlobalSection(SolutionConfigurationPlatforms) = preSolution
		Debug|Any CPU = Debug|Any CPU
		Release|Any CPU = Release|Any CPU
	EndGlobalSection
	GlobalSection(ProjectConfigurationPlatforms) = postSolution
		{CAB47DFA-D7A6-4F3A-9680-6E400A870493}.Debug|Any CPU.ActiveCfg = Debug|Any CPU
		{CAB47DFA-D7A6-4F3A-9680-6E400A870493}.Debug|Any CPU.Build.0 = Debug|Any CPU
		{CAB47DFA-D7A6-4F3A-9680-6E400A870493}.Release|Any CPU.ActiveCfg = Release|Any CPU
		{CAB47DFA-D7A6-4F3A-9680-6E400A870493}.Release|Any CPU.Build.0 = Release|Any CPU
	EndGlobalSection
	GlobalSection(SolutionProperties) = preSolution
		HideSolutionNode = FALSE
	EndGlobalSection
	GlobalSection(ExtensibilityGlobals) = postSolution
		SolutionGuid = {F5CB2AE1-5DB3-4F6B-884A-3BFA96345395}
	EndGlobalSection
EndGlobal
