
Microsoft Visual Studio Solution File, Format Version 12.00
# Visual Studio Version 17
VisualStudioVersion = 17.7.34024.191
MinimumVisualStudioVersion = 10.0.40219.1
Project("{FAE04EC0-301F-11D3-BF4B-00C04F79EFBC}") = "Lastname_PE1", "Lastname_PE1.csproj", "{03BF84A2-281A-4C06-B65C-8B51C8AEE6E5}"
EndProject
Global
	GlobalSection(SolutionConfigurationPlatforms) = preSolution
		Debug|Any CPU = Debug|Any CPU
		Release|Any CPU = Release|Any CPU
	EndGlobalSection
	GlobalSection(ProjectConfigurationPlatforms) = postSolution
		{03BF84A2-281A-4C06-B65C-8B51C8AEE6E5}.Debug|Any CPU.ActiveCfg = Debug|Any CPU
		{03BF84A2-281A-4C06-B65C-8B51C8AEE6E5}.Debug|Any CPU.Build.0 = Debug|Any CPU
		{03BF84A2-281A-4C06-B65C-8B51C8AEE6E5}.Release|Any CPU.ActiveCfg = Release|Any CPU
		{03BF84A2-281A-4C06-B65C-8B51C8AEE6E5}.Release|Any CPU.Build.0 = Release|Any CPU
	EndGlobalSection
	GlobalSection(SolutionProperties) = preSolution
		HideSolutionNode = FALSE
	EndGlobalSection
	GlobalSection(ExtensibilityGlobals) = postSolution
		SolutionGuid = {90882E63-E21F-4996-B940-E4E78944AFE4}
	EndGlobalSection
EndGlobal
