
Microsoft Visual Studio Solution File, Format Version 12.00
# Visual Studio Version 17
VisualStudioVersion = 17.7.34031.279
MinimumVisualStudioVersion = 10.0.40219.1
Project("{FAE04EC0-301F-11D3-BF4B-00C04F79EFBC}") = "MathQuizDiv", "MathQuizDiv.csproj", "{0C5C70B5-9BB4-46FD-B935-4DD7AC30371C}"
EndProject
Global
	GlobalSection(SolutionConfigurationPlatforms) = preSolution
		Debug|Any CPU = Debug|Any CPU
		Release|Any CPU = Release|Any CPU
	EndGlobalSection
	GlobalSection(ProjectConfigurationPlatforms) = postSolution
		{0C5C70B5-9BB4-46FD-B935-4DD7AC30371C}.Debug|Any CPU.ActiveCfg = Debug|Any CPU
		{0C5C70B5-9BB4-46FD-B935-4DD7AC30371C}.Debug|Any CPU.Build.0 = Debug|Any CPU
		{0C5C70B5-9BB4-46FD-B935-4DD7AC30371C}.Release|Any CPU.ActiveCfg = Release|Any CPU
		{0C5C70B5-9BB4-46FD-B935-4DD7AC30371C}.Release|Any CPU.Build.0 = Release|Any CPU
	EndGlobalSection
	GlobalSection(SolutionProperties) = preSolution
		HideSolutionNode = FALSE
	EndGlobalSection
	GlobalSection(ExtensibilityGlobals) = postSolution
		SolutionGuid = {849A8ECF-EC2D-46A3-A363-3D48FF7ECD4F}
	EndGlobalSection
EndGlobal
