
Microsoft Visual Studio Solution File, Format Version 12.00
# Visual Studio Version 17
VisualStudioVersion = 17.7.34031.279
MinimumVisualStudioVersion = 10.0.40219.1
Project("{FAE04EC0-301F-11D3-BF4B-00C04F79EFBC}") = "Phone", "Phone.csproj", "{F928AB7D-35CD-48F5-BAB3-4AC0ADE6791F}"
EndProject
Global
	GlobalSection(SolutionConfigurationPlatforms) = preSolution
		Debug|Any CPU = Debug|Any CPU
		Release|Any CPU = Release|Any CPU
	EndGlobalSection
	GlobalSection(ProjectConfigurationPlatforms) = postSolution
		{F928AB7D-35CD-48F5-BAB3-4AC0ADE6791F}.Debug|Any CPU.ActiveCfg = Debug|Any CPU
		{F928AB7D-35CD-48F5-BAB3-4AC0ADE6791F}.Debug|Any CPU.Build.0 = Debug|Any CPU
		{F928AB7D-35CD-48F5-BAB3-4AC0ADE6791F}.Release|Any CPU.ActiveCfg = Release|Any CPU
		{F928AB7D-35CD-48F5-BAB3-4AC0ADE6791F}.Release|Any CPU.Build.0 = Release|Any CPU
	EndGlobalSection
	GlobalSection(SolutionProperties) = preSolution
		HideSolutionNode = FALSE
	EndGlobalSection
	GlobalSection(ExtensibilityGlobals) = postSolution
		SolutionGuid = {36645F7C-43C6-4EBF-B1FD-445B5C15CC6C}
	EndGlobalSection
EndGlobal
