
Microsoft Visual Studio Solution File, Format Version 12.00
# Visual Studio Version 17
VisualStudioVersion = 17.7.34031.279
MinimumVisualStudioVersion = 10.0.40219.1
Project("{FAE04EC0-301F-11D3-BF4B-00C04F79EFBC}") = "MathQuiz", "MathQuiz.csproj", "{ED5FA3FB-72FB-4125-ADED-AFA434CEEB0E}"
EndProject
Global
	GlobalSection(SolutionConfigurationPlatforms) = preSolution
		Debug|Any CPU = Debug|Any CPU
		Release|Any CPU = Release|Any CPU
	EndGlobalSection
	GlobalSection(ProjectConfigurationPlatforms) = postSolution
		{ED5FA3FB-72FB-4125-ADED-AFA434CEEB0E}.Debug|Any CPU.ActiveCfg = Debug|Any CPU
		{ED5FA3FB-72FB-4125-ADED-AFA434CEEB0E}.Debug|Any CPU.Build.0 = Debug|Any CPU
		{ED5FA3FB-72FB-4125-ADED-AFA434CEEB0E}.Release|Any CPU.ActiveCfg = Release|Any CPU
		{ED5FA3FB-72FB-4125-ADED-AFA434CEEB0E}.Release|Any CPU.Build.0 = Release|Any CPU
	EndGlobalSection
	GlobalSection(SolutionProperties) = preSolution
		HideSolutionNode = FALSE
	EndGlobalSection
	GlobalSection(ExtensibilityGlobals) = postSolution
		SolutionGuid = {788EDAB4-9173-48CE-9CEE-6A8FDB4DF9FA}
	EndGlobalSection
EndGlobal
